<?xml version="1.0" encoding="utf-8"?>
<Project ToolsVersion="4.0" xmlns="http://schemas.microsoft.com/developer/msbuild/2003">
  <ItemGroup>
    <Filter Include="Source Files">
      <UniqueIdentifier>{4FC737F1-C7A5-4376-A066-2A32D752A2FF}</UniqueIdentifier>
      <Extensions>cpp;c;cc;cxx;def;odl;idl;hpj;bat;asm;asmx</Extensions>
    </Filter>
    <Filter Include="Header Files">
      <UniqueIdentifier>{93995380-89BD-4b04-88EB-625FBE52EBFB}</UniqueIdentifier>
      <Extensions>h;hh;hpp;hxx;hm;inl;inc;xsd</Extensions>
    </Filter>
    <Filter Include="Resource Files">
      <UniqueIdentifier>{67DA6AB6-F800-4c08-8B7A-83BB121AAD01}</UniqueIdentifier>
      <Extensions>rc;ico;cur;bmp;dlg;rc2;rct;bin;rgs;gif;jpg;jpeg;jpe;resx;tiff;tif;png;wav;mfcribbon-ms</Extensions>
    </Filter>
    <Filter Include="Header Files\steam_audio">
      <UniqueIdentifier>{5dd82591-d2b9-4412-87fa-1d4dda964184}</UniqueIdentifier>
    </Filter>
    <Filter Include="Source Files\steam_audio">
      <UniqueIdentifier>{6ae43253-a05a-4ce1-82ef-ef559ae1856d}</UniqueIdentifier>
    </Filter>
    <Filter Include="Source Files\steam_audio\fmod">
      <UniqueIdentifier>{3aab65fe-1fe4-4c4c-9f88-ee7752d808fc}</UniqueIdentifier>
    </Filter>
    <Filter Include="Header Files\steam_audio\fmod">
      <UniqueIdentifier>{2f6085cf-9c6b-4f30-9acc-3d5344d5c48b}</UniqueIdentifier>
    </Filter>
  </ItemGroup>
  <ItemGroup>
    <ClCompile Include="..\src\steam_audio\fmod\audio_engine_settings.cpp">
      <Filter>Source Files\steam_audio\fmod</Filter>
    </ClCompile>
    <ClCompile Include="..\src\steam_audio\fmod\auto_load_library.cpp">
      <Filter>Source Files\steam_audio\fmod</Filter>
    </ClCompile>
    <ClCompile Include="..\src\steam_audio\fmod\environment_proxy.cpp">
      <Filter>Source Files\steam_audio\fmod</Filter>
    </ClCompile>
    <ClCompile Include="..\src\steam_audio\fmod\mix_return_effect.cpp">
      <Filter>Source Files\steam_audio\fmod</Filter>
    </ClCompile>
    <ClCompile Include="..\src\steam_audio\fmod\reverb_effect.cpp">
      <Filter>Source Files\steam_audio\fmod</Filter>
    </ClCompile>
    <ClCompile Include="..\src\steam_audio\fmod\spatializer_effect.cpp">
      <Filter>Source Files\steam_audio\fmod</Filter>
    </ClCompile>
    <ClCompile Include="..\src\steam_audio\fmod\steamaudio_fmod.cpp">
      <Filter>Source Files\steam_audio\fmod</Filter>
    </ClCompile>
    <ClCompile Include="..\src\steam_audio\ipl_audio_resampler.cpp">
      <Filter>Source Files\steam_audio</Filter>
    </ClCompile>
    <ClCompile Include="..\src\steam_audio\ipl_context.cpp">
      <Filter>Source Files\steam_audio</Filter>
    </ClCompile>
    <ClCompile Include="..\src\steam_audio\ipl_environment.cpp">
      <Filter>Source Files\steam_audio</Filter>
    </ClCompile>
    <ClCompile Include="..\src\steam_audio\ipl_scene.cpp">
      <Filter>Source Files\steam_audio</Filter>
    </ClCompile>
    <ClCompile Include="..\src\steam_audio\ipl_static_mesh.cpp">
      <Filter>Source Files\steam_audio</Filter>
    </ClCompile>
    <ClCompile Include="..\src\steam_audio\steam_audio.cpp">
      <Filter>Source Files\steam_audio</Filter>
    </ClCompile>
    <ClCompile Include="..\src\alauxiliaryeffectslot.cpp">
      <Filter>Source Files</Filter>
    </ClCompile>
    <ClCompile Include="..\src\albuffer.cpp">
      <Filter>Source Files</Filter>
    </ClCompile>
    <ClCompile Include="..\src\aldecoder.cpp">
      <Filter>Source Files</Filter>
    </ClCompile>
    <ClCompile Include="..\src\aleffect.cpp">
      <Filter>Source Files</Filter>
    </ClCompile>
    <ClCompile Include="..\src\aleffect_efx.cpp">
      <Filter>Source Files</Filter>
    </ClCompile>
    <ClCompile Include="..\src\alfilefactory.cpp">
      <Filter>Source Files</Filter>
    </ClCompile>
    <ClCompile Include="..\src\allistener.cpp">
      <Filter>Source Files</Filter>
    </ClCompile>
    <ClCompile Include="..\src\alsound.cpp">
      <Filter>Source Files</Filter>
    </ClCompile>
    <ClCompile Include="..\src\alsound_binary_decoder.cpp">
      <Filter>Source Files</Filter>
    </ClCompile>
    <ClCompile Include="..\src\alsound_buffer_base.cpp">
      <Filter>Source Files</Filter>
    </ClCompile>
    <ClCompile Include="..\src\alsound_coordinate_system.cpp">
      <Filter>Source Files</Filter>
    </ClCompile>
    <ClCompile Include="..\src\alsound_duration.cpp">
      <Filter>Source Files</Filter>
    </ClCompile>
    <ClCompile Include="..\src\alsound_load.cpp">
      <Filter>Source Files</Filter>
    </ClCompile>
    <ClCompile Include="..\src\alsound_steam.cpp">
      <Filter>Source Files</Filter>
    </ClCompile>
    <ClCompile Include="..\src\alsoundsystem.cpp">
      <Filter>Source Files</Filter>
    </ClCompile>
    <ClCompile Include="..\src\alsoundsystem_effect.cpp">
      <Filter>Source Files</Filter>
    </ClCompile>
    <ClCompile Include="..\src\alsoundsystem_steam_audio.cpp">
      <Filter>Source Files</Filter>
    </ClCompile>
    <ClCompile Include="..\src\main.cpp">
      <Filter>Source Files</Filter>
    </ClCompile>
  </ItemGroup>
  <ItemGroup>
    <ClInclude Include="..\include\steam_audio\fmod\audio_engine_settings.h">
      <Filter>Header Files\steam_audio\fmod</Filter>
    </ClInclude>
    <ClInclude Include="..\include\steam_audio\fmod\auto_load_library.h">
      <Filter>Header Files\steam_audio\fmod</Filter>
    </ClInclude>
    <ClInclude Include="..\include\steam_audio\fmod\environment_proxy.h">
      <Filter>Header Files\steam_audio\fmod</Filter>
    </ClInclude>
    <ClInclude Include="..\include\steam_audio\fmod\steam_audio_effects.hpp">
      <Filter>Header Files\steam_audio\fmod</Filter>
    </ClInclude>
    <ClInclude Include="..\include\steam_audio\fmod\steamaudio_fmod.h">
      <Filter>Header Files\steam_audio\fmod</Filter>
    </ClInclude>
    <ClInclude Include="..\include\steam_audio\alsound_steam_audio.hpp">
      <Filter>Header Files\steam_audio</Filter>
    </ClInclude>
    <ClInclude Include="..\include\steam_audio\alsound_steam_audio_properties.hpp">
      <Filter>Header Files\steam_audio</Filter>
    </ClInclude>
    <ClInclude Include="..\include\alsound_auxiliaryeffectslot.hpp">
      <Filter>Header Files</Filter>
    </ClInclude>
    <ClInclude Include="..\include\alsound_binary_decoder.hpp">
      <Filter>Header Files</Filter>
    </ClInclude>
    <ClInclude Include="..\include\alsound_buffer.hpp">
      <Filter>Header Files</Filter>
    </ClInclude>
    <ClInclude Include="..\include\alsound_coordinate_system.hpp">
      <Filter>Header Files</Filter>
    </ClInclude>
    <ClInclude Include="..\include\alsound_decoder.hpp">
      <Filter>Header Files</Filter>
    </ClInclude>
    <ClInclude Include="..\include\alsound_definitions.hpp">
      <Filter>Header Files</Filter>
    </ClInclude>
    <ClInclude Include="..\include\alsound_effect.hpp">
      <Filter>Header Files</Filter>
    </ClInclude>
    <ClInclude Include="..\include\alsound_enums.hpp">
      <Filter>Header Files</Filter>
    </ClInclude>
    <ClInclude Include="..\include\alsound_listener.hpp">
      <Filter>Header Files</Filter>
    </ClInclude>
    <ClInclude Include="..\include\alsound_settings.hpp">
      <Filter>Header Files</Filter>
    </ClInclude>
    <ClInclude Include="..\include\alsound_source.hpp">
      <Filter>Header Files</Filter>
    </ClInclude>
    <ClInclude Include="..\include\alsoundsystem.hpp">
      <Filter>Header Files</Filter>
    </ClInclude>
    <ClInclude Include="..\include\alsoundsystem_filefactory.hpp">
      <Filter>Header Files</Filter>
    </ClInclude>
    <ClInclude Include="..\include\impl_alsound_buffer_base.hpp">
      <Filter>Header Files</Filter>
    </ClInclude>
    <ClInclude Include="..\include\impl_alsound_source_handle.hpp">
      <Filter>Header Files</Filter>
    </ClInclude>
  </ItemGroup>
  <ItemGroup>
    <None Include="ClassDiagram.cd" />
  </ItemGroup>
</Project>